{
  "name": "pgconfig-api",
  "version": "4.0.0",
  "lockfileVersion": 3,
  "requires": true,
  "packages": {
    "": {
      "name": "pgconfig-api",
      "version": "4.0.0",
      "devDependencies": {
        "@changesets/cli": "3.0.3"
      }
    },
    "node_modules/@changesets/apply-release-plan": {
      "version": "8.1.1",
      "resolved": "https://registry.npmjs.org/@changesets/apply-release-plan/-/apply-release-plan-8.1.1.tgz",
      "integrity": "sha512-nk2Hbq3M9NeHMdaIRBDvawKrQJzXB9sGyBUE5yWnIKtvdcNCPj75zBekJYr0gTT2ecJH3eFeTrc8eisPImcv0Q==",
      "dev": true,
      "license": "MIT",
      "dependencies": {
        "@changesets/config": "^4.0.1",
        "@changesets/format": "^0.1.2",
        "@changesets/git": "^4.0.1",
        "@changesets/should-skip-package": "^1.0.0",
        "@changesets/types": "^7.0.0",
        "import-meta-resolve": "^4.2.0",
        "jsonc-parser": "^3.3.1",
        "semver": "^7.8.1"
      },
      "engines": {
        "node": "^22.11 || ^24 || >=26"
      }
    },
    "node_modules/@changesets/assemble-release-plan": {
      "version": "7.0.0",
      "resolved": "https://registry.npmjs.org/@changesets/assemble-release-plan/-/assemble-release-plan-7.0.0.tgz",
      "integrity": "sha512-oEW8BxdA604kGGtDSCiHr5w9Tv4UWe9I2k61IBNZzCOE1kbYaJj4v+lFQNgcEZFkUc2pV/+hASErGDvpJOZCTg==",
      "dev": true,
      "license": "MIT",
      "dependencies": {
        "@changesets/errors": "^1.0.0",
        "@changesets/get-dependents-graph": "^3.0.0",
        "@changesets/should-skip-package": "^1.0.0",
        "@changesets/types": "^7.0.0",
        "semver": "^7.8.1"
      },
      "engines": {
        "node": "^22.11 || ^24 || >=26"
      }
    },
    "node_modules/@changesets/changelog-git": {
      "version": "1.0.0",
      "resolved": "https://registry.npmjs.org/@changesets/changelog-git/-/changelog-git-1.0.0.tgz",
      "integrity": "sha512-3Dst2Ime2Op5nd4XmWJLPIgp11ZFqJqSkVug9izK6TDcIV4YlhPS4ECbEVR+eGI0bk0r1ItogD4j2Oli87bJrA==",
      "dev": true,
      "license": "MIT",
      "dependencies": {
        "@changesets/types": "^7.0.0"
      },
      "engines": {
        "node": "^22.11 || ^24 || >=26"
      }
    },
    "node_modules/@changesets/cli": {
      "version": "3.0.3",
      "resolved": "https://registry.npmjs.org/@changesets/cli/-/cli-3.0.3.tgz",
      "integrity": "sha512-L1i67bMfkK6iC/kDejuNO4pFgTRcWIObsD6Qof2woP1I4M8tj17DGlcpRaTzTv1DYSP5EMwWdEtR8X0Pj5Jg3Q==",
      "dev": true,
      "license": "MIT",
      "dependencies": {
        "@changesets/apply-release-plan": "^8.1.1",
        "@changesets/assemble-release-plan": "^7.0.0",
        "@changesets/changelog-git": "^1.0.0",
        "@changesets/config": "^4.0.1",
        "@changesets/errors": "^1.0.0",
        "@changesets/get-dependents-graph": "^3.0.0",
        "@changesets/git": "^4.0.1",
        "@changesets/pre": "^3.0.0",
        "@changesets/read": "^1.0.1",
        "@changesets/should-skip-package": "^1.0.0",
        "@changesets/types": "^7.0.0",
        "@changesets/write": "^1.0.1",
        "@clack/prompts": "^1.7.0",
        "@manypkg/get-packages": "^3.1.0",
        "@pnpm/deps.graph-sequencer": "^1100.0.1",
        "cac": "^7.0.0",
        "import-meta-resolve": "^4.2.0",
        "launch-editor": "^2.14.1",
        "package-manager-detector": "^1.6.0",
        "semver": "^7.8.1",
        "tinyexec": "^1.3.1"
      },
      "bin": {
        "changeset": "bin.js"
      },
      "engines": {
        "node": "^22.11 || ^24 || >=26",
        "npm": ">=10.9.0",
        "pnpm": ">=10.0.0",
        "yarn": ">=4.5.2"
      }
    },
    "node_modules/@changesets/config": {
      "version": "4.0.1",
      "resolved": "https://registry.npmjs.org/@changesets/config/-/config-4.0.1.tgz",
      "integrity": "sha512-PxpxSQLQSLDjceAgRq+4FWlU+HflDIw03mmPVipxoQx9xrXFUjmqTy3SE+n/2t+DqPdpPiLWVr5NRiLZvjyLwg==",
      "dev": true,
      "license": "MIT",
      "dependencies": {
        "@changesets/get-dependents-graph": "^3.0.0",
        "@changesets/should-skip-package": "^1.0.0",
        "@changesets/types": "^7.0.0",
        "@manypkg/get-packages": "^3.1.0",
        "picomatch": "^4.0.7"
      },
      "engines": {
        "node": "^22.11 || ^24 || >=26"
      }
    },
    "node_modules/@changesets/errors": {
      "version": "1.0.0",
      "resolved": "https://registry.npmjs.org/@changesets/errors/-/errors-1.0.0.tgz",
      "integrity": "sha512-ElN/mEzn6zmETgjwf5MclCMa9ef59sAR0lfO8VSYIsiRvbC2FbLB/92EoYw10Sl0kGixxHFiJZUSv7dA+YpR8g==",
      "dev": true,
      "license": "MIT",
      "engines": {
        "node": "^22.11 || ^24 || >=26"
      }
    },
    "node_modules/@changesets/format": {
      "version": "0.1.2",
      "resolved": "https://registry.npmjs.org/@changesets/format/-/format-0.1.2.tgz",
      "integrity": "sha512-Caez5XtNXCFS/G5bwyav3wuXL0tMxVd2ZGbaumWbzN08tyzO21asCw7JZhNtVsAZDCvDRUzZN+Iit9SyRITSYA==",
      "dev": true,
      "license": "MIT",
      "dependencies": {
        "package-manager-detector": "^1.8.0",
        "tinyexec": "^1.3.0"
      },
      "engines": {
        "node": "^22.11 || ^24 || >=26"
      }
    },
    "node_modules/@changesets/get-dependents-graph": {
      "version": "3.0.0",
      "resolved": "https://registry.npmjs.org/@changesets/get-dependents-graph/-/get-dependents-graph-3.0.0.tgz",
      "integrity": "sha512-ji/t5wFA1zREKXRUePE6Qi+Qu2UgxCeSSGQrphezwvQZrp49B7sJ+8+wvM0tA7zPeSxYKCojDy3WWgrl+s+awg==",
      "dev": true,
      "license": "MIT",
      "dependencies": {
        "@changesets/types": "^7.0.0",
        "semver": "^7.8.1"
      },
      "engines": {
        "node": "^22.11 || ^24 || >=26"
      }
    },
    "node_modules/@changesets/git": {
      "version": "4.0.1",
      "resolved": "https://registry.npmjs.org/@changesets/git/-/git-4.0.1.tgz",
      "integrity": "sha512-6vWpIAC4LkpmlqaIu37ViT5enyd9+uBwAiGqCGhASvkSHBgx4PrtTGXWTMFYpDmZbjgyonyVgMciPrW4MqtJsA==",
      "dev": true,
      "license": "MIT",
      "dependencies": {
        "@changesets/errors": "^1.0.0",
        "@changesets/types": "^7.0.0",
        "@manypkg/get-packages": "^3.1.0",
        "picomatch": "^4.0.4",
        "tinyexec": "^1.3.0"
      },
      "engines": {
        "node": "^22.11 || ^24 || >=26"
      }
    },
    "node_modules/@changesets/parse": {
      "version": "1.0.0",
      "resolved": "https://registry.npmjs.org/@changesets/parse/-/parse-1.0.0.tgz",
      "integrity": "sha512-P0iaMb9p9CRYZiTgAllEIF9AUMQHIy1G72tKlcIqJp61icZSsKQNiOPdxAMZG8m/DvZwt/oz5xEbTpike//dWg==",
      "dev": true,
      "license": "MIT",
      "dependencies": {
        "@changesets/types": "^7.0.0",
        "yaml": "^2.9.0"
      },
      "engines": {
        "node": "^22.11 || ^24 || >=26"
      }
    },
    "node_modules/@changesets/pre": {
      "version": "3.0.0",
      "resolved": "https://registry.npmjs.org/@changesets/pre/-/pre-3.0.0.tgz",
      "integrity": "sha512-Zm/6YliV/a2oeWTqHJf6KxLrQwgcK1i/BRDl2m0EKZvbnxV5fG9QRhwJJGshjsZTUTS6dkfURQ2K6aAvgNw/3Q==",
      "dev": true,
      "license": "MIT",
      "dependencies": {
        "@changesets/errors": "^1.0.0",
        "@changesets/types": "^7.0.0",
        "@manypkg/get-packages": "^3.1.0"
      },
      "engines": {
        "node": "^22.11 || ^24 || >=26"
      }
    },
    "node_modules/@changesets/read": {
      "version": "1.0.1",
      "resolved": "https://registry.npmjs.org/@changesets/read/-/read-1.0.1.tgz",
      "integrity": "sha512-nzvSC6RcTiWf/dsuwZFXpLzGGsRHYCL68U3uHV7srsulU93aVWY7u2GEJiDZ+4GIIElfaW5EqtKC0UHroY+LTQ==",
      "dev": true,
      "license": "MIT",
      "dependencies": {
        "@changesets/git": "^4.0.1",
        "@changesets/parse": "^1.0.0",
        "@changesets/types": "^7.0.0"
      },
      "engines": {
        "node": "^22.11 || ^24 || >=26"
      }
    },
    "node_modules/@changesets/should-skip-package": {
      "version": "1.0.0",
      "resolved": "https://registry.npmjs.org/@changesets/should-skip-package/-/should-skip-package-1.0.0.tgz",
      "integrity": "sha512-pwqoJmbONn1XgXmZXPEExgAaT+HdZLjALFTDgIm+PnS5KeO2nLtzA2/Q+4aMFY14kFMuXKG30MObhvDzWgzDgg==",
      "dev": true,
      "license": "MIT",
      "dependencies": {
        "@changesets/types": "^7.0.0"
      },
      "engines": {
        "node": "^22.11 || ^24 || >=26"
      }
    },
    "node_modules/@changesets/types": {
      "version": "7.0.0",
      "resolved": "https://registry.npmjs.org/@changesets/types/-/types-7.0.0.tgz",
      "integrity": "sha512-c5GoiQyt3pxiXjrWSNoP8/GRf4kG+VnKzovx1OQM8dYYALlSwgedmkPmJ+ZqGxqwg9D3Bkj85Uo4KLd5BN3A0w==",
      "dev": true,
      "license": "MIT",
      "engines": {
        "node": "^22.11 || ^24 || >=26"
      }
    },
    "node_modules/@changesets/write": {
      "version": "1.0.1",
      "resolved": "https://registry.npmjs.org/@changesets/write/-/write-1.0.1.tgz",
      "integrity": "sha512-q/ThtP9gcnEP6xlv7LrY26C2mHqdGBti/MmOVngt/M/oIGYkssmQGxPK9WzBNt2juVcH/vml2WQ+ra8LXYOTaA==",
      "dev": true,
      "license": "MIT",
      "dependencies": {
        "@changesets/format": "^0.1.1",
        "@changesets/types": "^7.0.0",
        "human-id": "^4.2.0"
      },
      "engines": {
        "node": "^22.11 || ^24 || >=26"
      }
    },
    "node_modules/@clack/core": {
      "version": "1.5.1",
      "resolved": "https://registry.npmjs.org/@clack/core/-/core-1.5.1.tgz",
      "integrity": "sha512-iHTrHA8MtVuLl2TfZySmcKv1qO2PoyC9Z7pfSDozEuV5vtY3/wcOPKJXlqJ5Oq2Cx5DDGQGAMVx6HZfRRoVEbQ==",
      "dev": true,
      "license": "MIT",
      "dependencies": {
        "fast-wrap-ansi": "^0.2.0",
        "sisteransi": "^1.0.5"
      },
      "engines": {
        "node": ">= 20.12.0"
      }
    },
    "node_modules/@clack/prompts": {
      "version": "1.8.1",
      "resolved": "https://registry.npmjs.org/@clack/prompts/-/prompts-1.8.1.tgz",
      "integrity": "sha512-dlT1m5e/0yUL0kRNcQn7yGLVThkgbB0Ga/1AmfDDC/8ik6AIiSf2QLQO2zPYvefsHP0aFgxO93cVLCCfDp7kzQ==",
      "dev": true,
      "license": "MIT",
      "dependencies": {
        "@clack/core": "1.5.1",
        "fast-string-width": "^3.0.2",
        "fast-wrap-ansi": "^0.2.0",
        "sisteransi": "^1.0.5"
      },
      "engines": {
        "node": ">= 20.12.0"
      }
    },
    "node_modules/@manypkg/find-root": {
      "version": "3.1.0",
      "resolved": "https://registry.npmjs.org/@manypkg/find-root/-/find-root-3.1.0.tgz",
      "integrity": "sha512-BcSqCyKhBVZ5YkSzOiheMCV41kqAFptW6xGqYSTjkVTl9XQpr+pqHhwgGCOHQtjDCv7Is6EFyA14Sm5GVbVABA==",
      "dev": true,
      "license": "MIT",
      "dependencies": {
        "@manypkg/tools": "^2.1.0"
      },
      "engines": {
        "node": ">=20.0.0"
      }
    },
    "node_modules/@manypkg/get-packages": {
      "version": "3.1.0",
      "resolved": "https://registry.npmjs.org/@manypkg/get-packages/-/get-packages-3.1.0.tgz",
      "integrity": "sha512-0TbBVyvPrP7xGYBI/cP8UP+yl/z+HtbTttAD7FMAJgn/kXOTwh5/60TsqP9ZYY710forNfyV0N8P/IE/ujGZJg==",
      "dev": true,
      "license": "MIT",
      "dependencies": {
        "@manypkg/find-root": "^3.1.0",
        "@manypkg/tools": "^2.1.0"
      },
      "engines": {
        "node": ">=20.0.0"
      }
    },
    "node_modules/@manypkg/tools": {
      "version": "2.1.2",
      "resolved": "https://registry.npmjs.org/@manypkg/tools/-/tools-2.1.2.tgz",
      "integrity": "sha512-6QEf6yqFbETdwGITKq57aYoPfX/3K8XFNwsAlx0C1M7o8cb79sv1M3w+tWuWvIcSbNqrLF7OD7YpZMVVz335hQ==",
      "dev": true,
      "license": "MIT",
      "dependencies": {
        "jju": "^1.4.0",
        "tinyglobby": "^0.2.13",
        "yaml": "^2.9.0"
      },
      "engines": {
        "node": ">=20.0.0"
      }
    },
    "node_modules/@pnpm/deps.graph-sequencer": {
      "version": "1100.0.1",
      "resolved": "https://registry.npmjs.org/@pnpm/deps.graph-sequencer/-/deps.graph-sequencer-1100.0.1.tgz",
      "integrity": "sha512-pOr5+q1fLYKwFN3LAJuGZEnfXDcQ73zqgDHMtGy+K+uIoUqyY+6MeDCWFwfu+4EFuq76I5EPFofoNAI+Bmmq4A==",
      "dev": true,
      "license": "MIT",
      "engines": {
        "node": ">=22.13"
      },
      "funding": {
        "url": "https://opencollective.com/pnpm"
      }
    },
    "node_modules/cac": {
      "version": "7.0.0",
      "resolved": "https://registry.npmjs.org/cac/-/cac-7.0.0.tgz",
      "integrity": "sha512-tixWYgm5ZoOD+3g6UTea91eow5z6AAHaho3g0V9CNSNb45gM8SmflpAc+GRd1InC4AqN/07Unrgp56Y94N9hJQ==",
      "dev": true,
      "license": "MIT",
      "engines": {
        "node": ">=20.19.0"
      }
    },
    "node_modules/fast-string-truncated-width": {
      "version": "3.0.3",
      "resolved": "https://registry.npmjs.org/fast-string-truncated-width/-/fast-string-truncated-width-3.0.3.tgz",
      "integrity": "sha512-0jjjIEL6+0jag3l2XWWizO64/aZVtpiGE3t0Zgqxv0DPuxiMjvB3M24fCyhZUO4KomJQPj3LTSUnDP3GpdwC0g==",
      "dev": true,
      "license": "MIT"
    },
    "node_modules/fast-string-width": {
      "version": "3.0.2",
      "resolved": "https://registry.npmjs.org/fast-string-width/-/fast-string-width-3.0.2.tgz",
      "integrity": "sha512-gX8LrtNEI5hq8DVUfRQMbr5lpaS4nMIWV+7XEbXk2b8kiQIizgnlr12B4dA3ZEx3308ze0O4Q1R+cHts8kyUJg==",
      "dev": true,
      "license": "MIT",
      "dependencies": {
        "fast-string-truncated-width": "^3.0.2"
      }
    },
    "node_modules/fast-wrap-ansi": {
      "version": "0.2.2",
      "resolved": "https://registry.npmjs.org/fast-wrap-ansi/-/fast-wrap-ansi-0.2.2.tgz",
      "integrity": "sha512-7F2Fl+TjRSenLqlU3UjSH0iyqopqoZIu7eZVpEirP2g1GtWa2G/ecEmBdgz31+Mxr+ELclgg6sokpSFIQiZ02Q==",
      "dev": true,
      "license": "MIT",
      "dependencies": {
        "fast-string-width": "^3.0.2"
      }
    },
    "node_modules/fdir": {
      "version": "6.5.0",
      "resolved": "https://registry.npmjs.org/fdir/-/fdir-6.5.0.tgz",
      "integrity": "sha512-tIbYtZbucOs0BRGqPJkshJUYdL+SDH7dVM8gjy+ERp3WAUjLEFJE+02kanyHtwjWOnwrKYBiwAmM0p4kLJAnXg==",
      "dev": true,
      "license": "MIT",
      "engines": {
        "node": ">=12.0.0"
      },
      "peerDependencies": {
        "picomatch": "^3 || ^4"
      },
      "peerDependenciesMeta": {
        "picomatch": {
          "optional": true
        }
      }
    },
    "node_modules/human-id": {
      "version": "4.2.1",
      "resolved": "https://registry.npmjs.org/human-id/-/human-id-4.2.1.tgz",
      "integrity": "sha512-zPGsiS+dWoTZtZ4AtpA9Y+BdSFSNWvnouNlWNoUFyAM6xHOHmdCvqO3k8AIbdamCOv4gUFUVNPf6rJFfc4UiJw==",
      "dev": true,
      "license": "MIT",
      "bin": {
        "human-id": "dist/cli.js"
      }
    },
    "node_modules/import-meta-resolve": {
      "version": "4.2.0",
      "resolved": "https://registry.npmjs.org/import-meta-resolve/-/import-meta-resolve-4.2.0.tgz",
      "integrity": "sha512-Iqv2fzaTQN28s/FwZAoFq0ZSs/7hMAHJVX+w8PZl3cY19Pxk6jFFalxQoIfW2826i/fDLXv8IiEZRIT0lDuWcg==",
      "dev": true,
      "license": "MIT",
      "funding": {
        "type": "github",
        "url": "https://github.com/sponsors/wooorm"
      }
    },
    "node_modules/jju": {
      "version": "1.4.0",
      "resolved": "https://registry.npmjs.org/jju/-/jju-1.4.0.tgz",
      "integrity": "sha512-8wb9Yw966OSxApiCt0K3yNJL8pnNeIv+OEq2YMidz4FKP6nonSRoOXc80iXY4JaN2FC11B9qsNmDsm+ZOfMROA==",
      "dev": true,
      "license": "MIT"
    },
    "node_modules/jsonc-parser": {
      "version": "3.3.1",
      "resolved": "https://registry.npmjs.org/jsonc-parser/-/jsonc-parser-3.3.1.tgz",
      "integrity": "sha512-HUgH65KyejrUFPvHFPbqOY0rsFip3Bo5wb4ngvdi1EpCYWUQDC5V+Y7mZws+DLkr4M//zQJoanu1SP+87Dv1oQ==",
      "dev": true,
      "license": "MIT"
    },
    "node_modules/launch-editor": {
      "version": "2.14.1",
      "resolved": "https://registry.npmjs.org/launch-editor/-/launch-editor-2.14.1.tgz",
      "integrity": "sha512-QWBrQsMpH7gPr965dsKD/3cKWiNoTjpATQf++Xq63N6sKRGMwlVXz41O1IZTMfZQgBctD/K5Zt06+/I6pP6+HA==",
      "dev": true,
      "license": "MIT",
      "dependencies": {
        "picocolors": "^1.1.1",
        "shell-quote": "^1.8.4"
      }
    },
    "node_modules/package-manager-detector": {
      "version": "1.8.0",
      "resolved": "https://registry.npmjs.org/package-manager-detector/-/package-manager-detector-1.8.0.tgz",
      "integrity": "sha512-yQA4H19AmPEoMUeavPMDIe1higySl/gH/yaQrkT/s07Qp+7pp2hYz30N3z2l5BkjVkF9Ow6o0wjJamm2y7Sn0A==",
      "dev": true,
      "license": "MIT"
    },
    "node_modules/picocolors": {
      "version": "1.1.1",
      "resolved": "https://registry.npmjs.org/picocolors/-/picocolors-1.1.1.tgz",
      "integrity": "sha512-xceH2snhtb5M9liqDsmEw56le376mTZkEX/jEb/RxNFyegNul7eNslCXP9FDj/Lcu0X8KEyMceP2ntpaHrDEVA==",
      "dev": true,
      "license": "ISC"
    },
    "node_modules/picomatch": {
      "version": "4.0.7",
      "resolved": "https://registry.npmjs.org/picomatch/-/picomatch-4.0.7.tgz",
      "integrity": "sha512-qcJu88Q2IWqJsDD529JKMdwGm/dvInW4HvQnRwiH9JtihJvzGOscDtHE3x1pBKeUOTysQ8kVmLnJ2kJu7yhcGA==",
      "dev": true,
      "license": "MIT",
      "engines": {
        "node": ">=12"
      },
      "funding": {
        "url": "https://github.com/sponsors/jonschlinkert"
      }
    },
    "node_modules/semver": {
      "version": "7.8.5",
      "resolved": "https://registry.npmjs.org/semver/-/semver-7.8.5.tgz",
      "integrity": "sha512-Y7/KDsb8LjooZpwaqGyulO6DQlksgCncchHGk+sZIY4SBvUocMBEFH5Ur1fI4dV+Jvl0w6cjvucaIi40puRioA==",
      "dev": true,
      "license": "ISC",
      "bin": {
        "semver": "bin/semver.js"
      },
      "engines": {
        "node": ">=10"
      }
    },
    "node_modules/shell-quote": {
      "version": "1.11.0",
      "resolved": "https://registry.npmjs.org/shell-quote/-/shell-quote-1.11.0.tgz",
      "integrity": "sha512-JdxDPD0DBTyu08pq0kPC0xSNet/qsU07qT6IsX1AS8oO2ICNRY4ldNa8OAI6PuwAH8tG3lxEhbqmyp4Dw4036g==",
      "dev": true,
      "license": "MIT",
      "engines": {
        "node": ">= 0.4"
      },
      "funding": {
        "url": "https://github.com/sponsors/ljharb"
      }
    },
    "node_modules/sisteransi": {
      "version": "1.0.5",
      "resolved": "https://registry.npmjs.org/sisteransi/-/sisteransi-1.0.5.tgz",
      "integrity": "sha512-bLGGlR1QxBcynn2d5YmDX4MGjlZvy2MRBDRNHLJ8VI6l6+9FUiyTFNJ0IveOSP0bcXgVDPRcfGqA0pjaqUpfVg==",
      "dev": true,
      "license": "MIT"
    },
    "node_modules/tinyexec": {
      "version": "1.3.1",
      "resolved": "https://registry.npmjs.org/tinyexec/-/tinyexec-1.3.1.tgz",
      "integrity": "sha512-GCvB3aoys96IuDFBMcTB46JOR6mdMtAToqwiW8JlWhsoh1mhHi/xn9ss/Dg7N555GiJyEt2qzoG/NHCwM6h1EA==",
      "dev": true,
      "license": "MIT",
      "engines": {
        "node": ">=18"
      }
    },
    "node_modules/tinyglobby": {
      "version": "0.2.17",
      "resolved": "https://registry.npmjs.org/tinyglobby/-/tinyglobby-0.2.17.tgz",
      "integrity": "sha512-wXR/dYpcqKmfWpEdZjiKJOwCNFndD0DMnrW/cYjVGttEkBfVgcLFHoNrlj47mjOVic9yyNu65alsgF4NQyTa2g==",
      "dev": true,
      "license": "MIT",
      "dependencies": {
        "fdir": "^6.5.0",
        "picomatch": "^4.0.4"
      },
      "engines": {
        "node": ">=12.0.0"
      },
      "funding": {
        "url": "https://github.com/sponsors/SuperchupuDev"
      }
    },
    "node_modules/yaml": {
      "version": "2.9.1",
      "resolved": "https://registry.npmjs.org/yaml/-/yaml-2.9.1.tgz",
      "integrity": "sha512-3NxN8+78OdzbT7C/WjGsyfPAtJaN3FNDsWxv7Y7mcDsT/oOmgW8BpyQQFFBnvZE3j9Y2Sdz1ULFLezL7Eb2yFw==",
      "dev": true,
      "license": "ISC",
      "bin": {
        "yaml": "bin.mjs"
      },
      "engines": {
        "node": ">= 14.6"
      },
      "funding": {
        "url": "https://github.com/sponsors/eemeli"
      }
    }
  }
}
